<?xml version="1.0" encoding="utf-8"?>
<Project ToolsVersion="4.0" xmlns="http://schemas.microsoft.com/developer/msbuild/2003">
  <ItemGroup>
    <Filter Include="Исходные файлы">
      <UniqueIdentifier>{4FC737F1-C7A5-4376-A066-2A32D752A2FF}</UniqueIdentifier>
      <Extensions>cpp;c;cc;cxx;c++;cppm;ixx;def;odl;idl;hpj;bat;asm;asmx</Extensions>
    </Filter>
    <Filter Include="Файлы заголовков">
      <UniqueIdentifier>{93995380-89BD-4b04-88EB-625FBE52EBFB}</UniqueIdentifier>
      <Extensions>h;hh;hpp;hxx;h++;hm;inl;inc;ipp;xsd</Extensions>
    </Filter>
    <Filter Include="Файлы ресурсов">
      <UniqueIdentifier>{67DA6AB6-F800-4c08-8B7A-83BB121AAD01}</UniqueIdentifier>
      <Extensions>rc;ico;cur;bmp;dlg;rc2;rct;bin;rgs;gif;jpg;jpeg;jpe;resx;tiff;tif;png;wav;mfcribbon-ms</Extensions>
    </Filter>
    <Filter Include="Shared">
      <UniqueIdentifier>{ab34a939-aa32-41c9-a5d8-a4a5d297a18e}</UniqueIdentifier>
    </Filter>
    <Filter Include="Исходные файлы\Extention">
      <UniqueIdentifier>{118a845f-79da-48b6-a6d6-acf475e35047}</UniqueIdentifier>
    </Filter>
    <Filter Include="Файлы заголовков\Extention">
      <UniqueIdentifier>{0e03751f-92c2-46b7-b85c-abea733ca95a}</UniqueIdentifier>
    </Filter>
  </ItemGroup>
  <ItemGroup>
    <ClCompile Include="dllmain.cpp">
      <Filter>Исходные файлы</Filter>
    </ClCompile>
    <ClCompile Include="Buffer.c">
      <Filter>Исходные файлы</Filter>
    </ClCompile>
    <ClCompile Include="VGIFactory.c">
      <Filter>Исходные файлы</Filter>
    </ClCompile>
    <ClCompile Include="Allocator.c">
      <Filter>Исходные файлы\Extention</Filter>
    </ClCompile>
    <ClCompile Include="Texture.c">
      <Filter>Исходные файлы</Filter>
    </ClCompile>
    <ClCompile Include="Device.c">
      <Filter>Исходные файлы</Filter>
    </ClCompile>
    <ClCompile Include="InputLayout.c">
      <Filter>Исходные файлы</Filter>
    </ClCompile>
    <ClCompile Include="Context.c">
      <Filter>Исходные файлы</Filter>
    </ClCompile>
    <ClCompile Include="InputAssembly.c">
      <Filter>Исходные файлы</Filter>
    </ClCompile>
    <ClCompile Include="Rasterizer.c">
      <Filter>Исходные файлы</Filter>
    </ClCompile>
  </ItemGroup>
  <ItemGroup>
    <ClInclude Include="Buffer.h">
      <Filter>Файлы заголовков</Filter>
    </ClInclude>
    <ClInclude Include="VGIFactory.h">
      <Filter>Файлы заголовков</Filter>
    </ClInclude>
    <ClInclude Include="..\Shared\CInterfaces.h">
      <Filter>Shared</Filter>
    </ClInclude>
    <ClInclude Include="Allocator.h">
      <Filter>Файлы заголовков\Extention</Filter>
    </ClInclude>
    <ClInclude Include="RuntimeClass.h">
      <Filter>Файлы заголовков\Extention</Filter>
    </ClInclude>
    <ClInclude Include="Device.h">
      <Filter>Файлы заголовков</Filter>
    </ClInclude>
    <ClInclude Include="Texture.h">
      <Filter>Файлы заголовков</Filter>
    </ClInclude>
    <ClInclude Include="InputLayout.h">
      <Filter>Файлы заголовков</Filter>
    </ClInclude>
    <ClInclude Include="Context.h">
      <Filter>Файлы заголовков</Filter>
    </ClInclude>
    <ClInclude Include="InputAssembly.h">
      <Filter>Файлы заголовков</Filter>
    </ClInclude>
    <ClInclude Include="..\Shared\Veritas Math\VeritasMath.h">
      <Filter>Shared</Filter>
    </ClInclude>
    <ClInclude Include="..\Shared\CommonTypes.h">
      <Filter>Shared</Filter>
    </ClInclude>
    <ClInclude Include="Rasterizer.h">
      <Filter>Файлы заголовков</Filter>
    </ClInclude>
    <ClInclude Include="..\Shared\VA_OPT.h">
      <Filter>Shared</Filter>
    </ClInclude>
  </ItemGroup>
</Project>