<?xml version="1.0" encoding="utf-8"?>
<Project ToolsVersion="4.0" xmlns="http://schemas.microsoft.com/developer/msbuild/2003">
  <ItemGroup>
    <Filter Include="Исходные файлы">
      <UniqueIdentifier>{4FC737F1-C7A5-4376-A066-2A32D752A2FF}</UniqueIdentifier>
      <Extensions>cpp;c;cc;cxx;c++;cppm;ixx;def;odl;idl;hpj;bat;asm;asmx</Extensions>
    </Filter>
    <Filter Include="Файлы заголовков">
      <UniqueIdentifier>{93995380-89BD-4b04-88EB-625FBE52EBFB}</UniqueIdentifier>
      <Extensions>h;hh;hpp;hxx;h++;hm;inl;inc;ipp;xsd</Extensions>
    </Filter>
    <Filter Include="Файлы ресурсов">
      <UniqueIdentifier>{67DA6AB6-F800-4c08-8B7A-83BB121AAD01}</UniqueIdentifier>
      <Extensions>rc;ico;cur;bmp;dlg;rc2;rct;bin;rgs;gif;jpg;jpeg;jpe;resx;tiff;tif;png;wav;mfcribbon-ms</Extensions>
    </Filter>
    <Filter Include="Файлы заголовков\Engine">
      <UniqueIdentifier>{e7b85903-b9eb-4108-858d-2ee8fb9ccfbd}</UniqueIdentifier>
    </Filter>
    <Filter Include="Файлы заголовков\Engine\Input">
      <UniqueIdentifier>{7d11e43a-e03e-4f72-bd4e-05e3a8c06d96}</UniqueIdentifier>
    </Filter>
    <Filter Include="Исходные файлы\Engine">
      <UniqueIdentifier>{e77b558f-79fb-480e-92a1-b640fbdb4410}</UniqueIdentifier>
    </Filter>
    <Filter Include="Исходные файлы\Engine\Input">
      <UniqueIdentifier>{11c6c417-321a-415c-9da9-e621f17c4d49}</UniqueIdentifier>
    </Filter>
    <Filter Include="Shared">
      <UniqueIdentifier>{90a1b824-923b-4f9f-96c7-b166b4cc2de8}</UniqueIdentifier>
    </Filter>
    <Filter Include="Shared\fmt">
      <UniqueIdentifier>{041911f8-73b1-499f-a5a2-b82f6dd78bbe}</UniqueIdentifier>
    </Filter>
    <Filter Include="Исходные файлы\Engine\Architecture">
      <UniqueIdentifier>{306a17f0-e8e5-43f2-9c2e-01fdce2524e8}</UniqueIdentifier>
    </Filter>
    <Filter Include="Файлы заголовков\Engine\Architecture">
      <UniqueIdentifier>{1f68192a-711c-4b06-ad27-f53cf2ce6f91}</UniqueIdentifier>
    </Filter>
    <Filter Include="Исходные файлы\Engine\Test">
      <UniqueIdentifier>{5646722b-2e9d-4855-a860-e0f55a7f9b76}</UniqueIdentifier>
    </Filter>
    <Filter Include="Файлы заголовков\Engine\Test">
      <UniqueIdentifier>{36236683-6a23-4ac1-810d-8f5cc464ca39}</UniqueIdentifier>
    </Filter>
    <Filter Include="Исходные файлы\Engine\Objects">
      <UniqueIdentifier>{7554d4a4-7455-4270-97fd-08e09a170dca}</UniqueIdentifier>
    </Filter>
    <Filter Include="Файлы заголовков\Engine\Objects">
      <UniqueIdentifier>{701a8791-2018-4025-b7a5-36b0d19dc983}</UniqueIdentifier>
    </Filter>
  </ItemGroup>
  <ItemGroup>
    <ClCompile Include="EntryMain.cpp">
      <Filter>Исходные файлы</Filter>
    </ClCompile>
    <ClCompile Include="App.cpp">
      <Filter>Исходные файлы</Filter>
    </ClCompile>
    <ClCompile Include="Engine\Keyboard.cpp">
      <Filter>Исходные файлы\Engine\Input</Filter>
    </ClCompile>
    <ClCompile Include="Engine\Mouse.cpp">
      <Filter>Исходные файлы\Engine\Input</Filter>
    </ClCompile>
    <ClCompile Include="Engine\Window.cpp">
      <Filter>Исходные файлы\Engine\Input</Filter>
    </ClCompile>
    <ClCompile Include="Engine\VeritasEngine.cpp">
      <Filter>Исходные файлы\Engine</Filter>
    </ClCompile>
    <ClCompile Include="..\Shared\fmt\src\format.cc">
      <Filter>Shared\fmt</Filter>
    </ClCompile>
    <ClCompile Include="..\Shared\fmt\src\posix.cc">
      <Filter>Shared\fmt</Filter>
    </ClCompile>
    <ClCompile Include="..\Shared\Exception.cpp">
      <Filter>Shared</Filter>
    </ClCompile>
    <ClCompile Include="Engine\Bindable.cpp">
      <Filter>Исходные файлы\Engine\Architecture</Filter>
    </ClCompile>
    <ClCompile Include="Engine\Drawable.cpp">
      <Filter>Исходные файлы\Engine\Architecture</Filter>
    </ClCompile>
    <ClCompile Include="Engine\IndexBuffer.cpp">
      <Filter>Исходные файлы\Engine\Architecture</Filter>
    </ClCompile>
    <ClCompile Include="Engine\VertexBuffer.cpp">
      <Filter>Исходные файлы\Engine\Architecture</Filter>
    </ClCompile>
    <ClCompile Include="Engine\Model.cpp">
      <Filter>Исходные файлы\Engine\Test</Filter>
    </ClCompile>
    <ClCompile Include="Engine\VertexShader.cpp">
      <Filter>Исходные файлы\Engine\Architecture</Filter>
    </ClCompile>
    <ClCompile Include="Engine\PixelShader.cpp">
      <Filter>Исходные файлы\Engine\Architecture</Filter>
    </ClCompile>
    <ClCompile Include="Engine\ConstantBuffers.cpp">
      <Filter>Исходные файлы\Engine\Architecture</Filter>
    </ClCompile>
    <ClCompile Include="Engine\InputLayout.cpp">
      <Filter>Исходные файлы\Engine\Architecture</Filter>
    </ClCompile>
    <ClCompile Include="Engine\Camera.cpp">
      <Filter>Исходные файлы\Engine\Objects</Filter>
    </ClCompile>
  </ItemGroup>
  <ItemGroup>
    <ClInclude Include="..\Shared\Exception.h">
      <Filter>Shared</Filter>
    </ClInclude>
    <ClInclude Include="..\Shared\GdiException.h">
      <Filter>Shared</Filter>
    </ClInclude>
    <ClInclude Include="..\Shared\GDIPlusManager.h">
      <Filter>Shared</Filter>
    </ClInclude>
    <ClInclude Include="..\Shared\GDISetup.h">
      <Filter>Shared</Filter>
    </ClInclude>
    <ClInclude Include="..\Shared\WinSetup.h">
      <Filter>Shared</Filter>
    </ClInclude>
    <ClInclude Include="App.h">
      <Filter>Файлы заголовков</Filter>
    </ClInclude>
    <ClInclude Include="Engine\Keyboard.h">
      <Filter>Файлы заголовков\Engine\Input</Filter>
    </ClInclude>
    <ClInclude Include="Engine\Mouse.h">
      <Filter>Файлы заголовков\Engine\Input</Filter>
    </ClInclude>
    <ClInclude Include="Engine\Window.h">
      <Filter>Файлы заголовков\Engine\Input</Filter>
    </ClInclude>
    <ClInclude Include="resource.h">
      <Filter>Файлы заголовков</Filter>
    </ClInclude>
    <ClInclude Include="Engine\VeritasEngine.h">
      <Filter>Файлы заголовков\Engine</Filter>
    </ClInclude>
    <ClInclude Include="..\Shared\Interfaces.h">
      <Filter>Shared</Filter>
    </ClInclude>
    <ClInclude Include="..\Shared\Descriptors.h">
      <Filter>Shared</Filter>
    </ClInclude>
    <ClInclude Include="..\Shared\ShaderCommon.h">
      <Filter>Shared</Filter>
    </ClInclude>
    <ClInclude Include="Engine\Bindable.h">
      <Filter>Файлы заголовков\Engine\Architecture</Filter>
    </ClInclude>
    <ClInclude Include="Engine\Drawable.h">
      <Filter>Файлы заголовков\Engine\Architecture</Filter>
    </ClInclude>
    <ClInclude Include="Engine\IndexBuffer.h">
      <Filter>Файлы заголовков\Engine\Architecture</Filter>
    </ClInclude>
    <ClInclude Include="Engine\VertexBuffer.h">
      <Filter>Файлы заголовков\Engine\Architecture</Filter>
    </ClInclude>
    <ClInclude Include="Engine\Model.h">
      <Filter>Файлы заголовков\Engine\Test</Filter>
    </ClInclude>
    <ClInclude Include="Engine\BindableCommon.h">
      <Filter>Файлы заголовков\Engine\Architecture</Filter>
    </ClInclude>
    <ClInclude Include="Engine\VertexShader.h">
      <Filter>Файлы заголовков\Engine\Architecture</Filter>
    </ClInclude>
    <ClInclude Include="Engine\PixelShader.h">
      <Filter>Файлы заголовков\Engine\Architecture</Filter>
    </ClInclude>
    <ClInclude Include="Engine\InputLayout.h">
      <Filter>Файлы заголовков\Engine\Architecture</Filter>
    </ClInclude>
    <ClInclude Include="Engine\ConstantBuffers.h">
      <Filter>Файлы заголовков\Engine\Architecture</Filter>
    </ClInclude>
    <ClInclude Include="Engine\Camera.h">
      <Filter>Файлы заголовков\Engine\Objects</Filter>
    </ClInclude>
  </ItemGroup>
  <ItemGroup>
    <ResourceCompile Include="VeritasCpp.rc">
      <Filter>Файлы ресурсов</Filter>
    </ResourceCompile>
  </ItemGroup>
  <ItemGroup>
    <Image Include="TLR.ico">
      <Filter>Файлы ресурсов</Filter>
    </Image>
  </ItemGroup>
</Project>